
Microsoft Visual Studio Solution File, Format Version 12.00
# Visual Studio 15
VisualStudioVersion = 15.0.27130.2027
MinimumVisualStudioVersion = 10.0.40219.1
Project("{9A19103F-16F7-4668-BE54-9A1E7A4F7556}") = "KnockKnock.Api", "knockknock\KnockKnock.Api.csproj", "{53371FC6-8484-4082-9760-2C89FAB2B5FD}"
EndProject
Project("{9A19103F-16F7-4668-BE54-9A1E7A4F7556}") = "KnockKnock.Service", "KnockKnock.Service\KnockKnock.Service.csproj", "{D32B1B4F-C277-4373-96E6-4A60E0FB6352}"
EndProject
Project("{9A19103F-16F7-4668-BE54-9A1E7A4F7556}") = "KnockKnock.Logic", "KnockKnock.Logic\KnockKnock.Logic.csproj", "{565810F5-5728-4FFA-ADAA-809D744569DB}"
EndProject
Project("{2150E333-8FDC-42A3-9474-1A3956D46DE8}") = "Test", "Test", "{76DBF243-3224-4971-85CE-9EEA9FF9FBF0}"
EndProject
Project("{9A19103F-16F7-4668-BE54-9A1E7A4F7556}") = "KnockKnock.Common", "KnockKnock.Common\KnockKnock.Common.csproj", "{9EA63811-ACAD-40BD-A7D9-6B0E8E57D894}"
EndProject
Project("{9A19103F-16F7-4668-BE54-9A1E7A4F7556}") = "KnockKnock.Logic.Test", "KnockKnock.Logic.Test\KnockKnock.Logic.Test.csproj", "{B4B4B5B8-85D8-4EE3-B690-931DB901ECBF}"
EndProject
Project("{9A19103F-16F7-4668-BE54-9A1E7A4F7556}") = "KnockKnock.Service.Test", "KnockKnock.Service.Test\KnockKnock.Service.Test.csproj", "{BB6D9A15-546C-486E-A815-5D49CBCBB987}"
EndProject
Project("{FAE04EC0-301F-11D3-BF4B-00C04F79EFBC}") = "KnockKnock.Api.Test", "KnockKnock.Api.Test\KnockKnock.Api.Test.csproj", "{97FE7D18-91CB-4855-9C6D-B08337BD71C4}"
EndProject
Global
	GlobalSection(SolutionConfigurationPlatforms) = preSolution
		Debug|Any CPU = Debug|Any CPU
		Release|Any CPU = Release|Any CPU
	EndGlobalSection
	GlobalSection(ProjectConfigurationPlatforms) = postSolution
		{53371FC6-8484-4082-9760-2C89FAB2B5FD}.Debug|Any CPU.ActiveCfg = Debug|Any CPU
		{53371FC6-8484-4082-9760-2C89FAB2B5FD}.Debug|Any CPU.Build.0 = Debug|Any CPU
		{53371FC6-8484-4082-9760-2C89FAB2B5FD}.Release|Any CPU.ActiveCfg = Release|Any CPU
		{53371FC6-8484-4082-9760-2C89FAB2B5FD}.Release|Any CPU.Build.0 = Release|Any CPU
		{D32B1B4F-C277-4373-96E6-4A60E0FB6352}.Debug|Any CPU.ActiveCfg = Debug|Any CPU
		{D32B1B4F-C277-4373-96E6-4A60E0FB6352}.Debug|Any CPU.Build.0 = Debug|Any CPU
		{D32B1B4F-C277-4373-96E6-4A60E0FB6352}.Release|Any CPU.ActiveCfg = Release|Any CPU
		{D32B1B4F-C277-4373-96E6-4A60E0FB6352}.Release|Any CPU.Build.0 = Release|Any CPU
		{565810F5-5728-4FFA-ADAA-809D744569DB}.Debug|Any CPU.ActiveCfg = Debug|Any CPU
		{565810F5-5728-4FFA-ADAA-809D744569DB}.Debug|Any CPU.Build.0 = Debug|Any CPU
		{565810F5-5728-4FFA-ADAA-809D744569DB}.Release|Any CPU.ActiveCfg = Release|Any CPU
		{565810F5-5728-4FFA-ADAA-809D744569DB}.Release|Any CPU.Build.0 = Release|Any CPU
		{9EA63811-ACAD-40BD-A7D9-6B0E8E57D894}.Debug|Any CPU.ActiveCfg = Debug|Any CPU
		{9EA63811-ACAD-40BD-A7D9-6B0E8E57D894}.Debug|Any CPU.Build.0 = Debug|Any CPU
		{9EA63811-ACAD-40BD-A7D9-6B0E8E57D894}.Release|Any CPU.ActiveCfg = Release|Any CPU
		{9EA63811-ACAD-40BD-A7D9-6B0E8E57D894}.Release|Any CPU.Build.0 = Release|Any CPU
		{B4B4B5B8-85D8-4EE3-B690-931DB901ECBF}.Debug|Any CPU.ActiveCfg = Debug|Any CPU
		{B4B4B5B8-85D8-4EE3-B690-931DB901ECBF}.Debug|Any CPU.Build.0 = Debug|Any CPU
		{B4B4B5B8-85D8-4EE3-B690-931DB901ECBF}.Release|Any CPU.ActiveCfg = Release|Any CPU
		{B4B4B5B8-85D8-4EE3-B690-931DB901ECBF}.Release|Any CPU.Build.0 = Release|Any CPU
		{BB6D9A15-546C-486E-A815-5D49CBCBB987}.Debug|Any CPU.ActiveCfg = Debug|Any CPU
		{BB6D9A15-546C-486E-A815-5D49CBCBB987}.Debug|Any CPU.Build.0 = Debug|Any CPU
		{BB6D9A15-546C-486E-A815-5D49CBCBB987}.Release|Any CPU.ActiveCfg = Release|Any CPU
		{BB6D9A15-546C-486E-A815-5D49CBCBB987}.Release|Any CPU.Build.0 = Release|Any CPU
		{97FE7D18-91CB-4855-9C6D-B08337BD71C4}.Debug|Any CPU.ActiveCfg = Debug|Any CPU
		{97FE7D18-91CB-4855-9C6D-B08337BD71C4}.Debug|Any CPU.Build.0 = Debug|Any CPU
		{97FE7D18-91CB-4855-9C6D-B08337BD71C4}.Release|Any CPU.ActiveCfg = Release|Any CPU
		{97FE7D18-91CB-4855-9C6D-B08337BD71C4}.Release|Any CPU.Build.0 = Release|Any CPU
	EndGlobalSection
	GlobalSection(SolutionProperties) = preSolution
		HideSolutionNode = FALSE
	EndGlobalSection
	GlobalSection(NestedProjects) = preSolution
		{B4B4B5B8-85D8-4EE3-B690-931DB901ECBF} = {76DBF243-3224-4971-85CE-9EEA9FF9FBF0}
		{BB6D9A15-546C-486E-A815-5D49CBCBB987} = {76DBF243-3224-4971-85CE-9EEA9FF9FBF0}
		{97FE7D18-91CB-4855-9C6D-B08337BD71C4} = {76DBF243-3224-4971-85CE-9EEA9FF9FBF0}
	EndGlobalSection
	GlobalSection(ExtensibilityGlobals) = postSolution
		SolutionGuid = {493D2648-B1CD-4224-A0B3-7064E2521F1B}
	EndGlobalSection
EndGlobal
